
Microsoft Visual Studio Solution File, Format Version 12.00
# Visual Studio Version 17
VisualStudioVersion = 17.8.34525.116
MinimumVisualStudioVersion = 10.0.40219.1
Project("{FAE04EC0-301F-11D3-BF4B-00C04F79EFBC}") = "mvcSitemapSqlite", "mvcSitemapSqlite\mvcSitemapSqlite.csproj", "{C58490F8-6107-41B7-86D5-48E9162F840E}"
EndProject
Global
	GlobalSection(SolutionConfigurationPlatforms) = preSolution
		Debug|Any CPU = Debug|Any CPU
		Release|Any CPU = Release|Any CPU
	EndGlobalSection
	GlobalSection(ProjectConfigurationPlatforms) = postSolution
		{C58490F8-6107-41B7-86D5-48E9162F840E}.Debug|Any CPU.ActiveCfg = Debug|Any CPU
		{C58490F8-6107-41B7-86D5-48E9162F840E}.Debug|Any CPU.Build.0 = Debug|Any CPU
		{C58490F8-6107-41B7-86D5-48E9162F840E}.Release|Any CPU.ActiveCfg = Release|Any CPU
		{C58490F8-6107-41B7-86D5-48E9162F840E}.Release|Any CPU.Build.0 = Release|Any CPU
	EndGlobalSection
	GlobalSection(SolutionProperties) = preSolution
		HideSolutionNode = FALSE
	EndGlobalSection
	GlobalSection(ExtensibilityGlobals) = postSolution
		SolutionGuid = {E069AD50-F40F-454E-B4DD-EA9ED61EBB89}
	EndGlobalSection
EndGlobal
